
Microsoft Visual Studio Solution File, Format Version 12.00
# Visual Studio Version 17
VisualStudioVersion = 17.1.31903.286
MinimumVisualStudioVersion = 10.0.40219.1
Project("{9A19103F-16F7-4668-BE54-9A1E7A4F7556}") = "EdgeDB.Driver", "EdgeDB.Driver\EdgeDB.Driver.csproj", "{0C1C6233-388F-4FAE-955B-F0A6D33D44C9}"
EndProject
Project("{9A19103F-16F7-4668-BE54-9A1E7A4F7556}") = "EdgeDB.ExampleApp", "EdgeDB.ExampleApp\EdgeDB.ExampleApp.csproj", "{B85156A1-66B3-46F1-B238-19B96C4C7729}"
EndProject
Project("{9A19103F-16F7-4668-BE54-9A1E7A4F7556}") = "EdgeDB.UnitTest", "EdgeDB.Test\EdgeDB.UnitTest.csproj", "{CD4A4B5D-4B67-4E64-A13B-3F7BF770B056}"
EndProject
Project("{9A19103F-16F7-4668-BE54-9A1E7A4F7556}") = "EdgeDB.QueryBuilder", "EdgeDB.QueryBuilder\EdgeDB.QueryBuilder.csproj", "{4CC2101C-D0AB-4F08-A0FD-205F96958196}"
EndProject
Project("{2150E333-8FDC-42A3-9474-1A3956D46DE8}") = "Core", "Core", "{025AAADF-16AF-4367-9C3D-9E60EDED832F}"
EndProject
Project("{2150E333-8FDC-42A3-9474-1A3956D46DE8}") = "Tests", "Tests", "{E6B9FABC-241B-4561-9A94-E67B6BE380E2}"
EndProject
Project("{2150E333-8FDC-42A3-9474-1A3956D46DE8}") = "Examples", "Examples", "{6FC214F5-C912-4D99-91B1-3E9F52A4E11B}"
EndProject
Global
	GlobalSection(SolutionConfigurationPlatforms) = preSolution
		Debug|Any CPU = Debug|Any CPU
		Release|Any CPU = Release|Any CPU
	EndGlobalSection
	GlobalSection(ProjectConfigurationPlatforms) = postSolution
		{0C1C6233-388F-4FAE-955B-F0A6D33D44C9}.Debug|Any CPU.ActiveCfg = Debug|Any CPU
		{0C1C6233-388F-4FAE-955B-F0A6D33D44C9}.Debug|Any CPU.Build.0 = Debug|Any CPU
		{0C1C6233-388F-4FAE-955B-F0A6D33D44C9}.Release|Any CPU.ActiveCfg = Release|Any CPU
		{0C1C6233-388F-4FAE-955B-F0A6D33D44C9}.Release|Any CPU.Build.0 = Release|Any CPU
		{B85156A1-66B3-46F1-B238-19B96C4C7729}.Debug|Any CPU.ActiveCfg = Debug|Any CPU
		{B85156A1-66B3-46F1-B238-19B96C4C7729}.Debug|Any CPU.Build.0 = Debug|Any CPU
		{B85156A1-66B3-46F1-B238-19B96C4C7729}.Release|Any CPU.ActiveCfg = Release|Any CPU
		{B85156A1-66B3-46F1-B238-19B96C4C7729}.Release|Any CPU.Build.0 = Release|Any CPU
		{CD4A4B5D-4B67-4E64-A13B-3F7BF770B056}.Debug|Any CPU.ActiveCfg = Debug|Any CPU
		{CD4A4B5D-4B67-4E64-A13B-3F7BF770B056}.Debug|Any CPU.Build.0 = Debug|Any CPU
		{CD4A4B5D-4B67-4E64-A13B-3F7BF770B056}.Release|Any CPU.ActiveCfg = Release|Any CPU
		{CD4A4B5D-4B67-4E64-A13B-3F7BF770B056}.Release|Any CPU.Build.0 = Release|Any CPU
		{4CC2101C-D0AB-4F08-A0FD-205F96958196}.Debug|Any CPU.ActiveCfg = Debug|Any CPU
		{4CC2101C-D0AB-4F08-A0FD-205F96958196}.Debug|Any CPU.Build.0 = Debug|Any CPU
		{4CC2101C-D0AB-4F08-A0FD-205F96958196}.Release|Any CPU.ActiveCfg = Release|Any CPU
		{4CC2101C-D0AB-4F08-A0FD-205F96958196}.Release|Any CPU.Build.0 = Release|Any CPU
	EndGlobalSection
	GlobalSection(SolutionProperties) = preSolution
		HideSolutionNode = FALSE
	EndGlobalSection
	GlobalSection(NestedProjects) = preSolution
		{0C1C6233-388F-4FAE-955B-F0A6D33D44C9} = {025AAADF-16AF-4367-9C3D-9E60EDED832F}
		{B85156A1-66B3-46F1-B238-19B96C4C7729} = {6FC214F5-C912-4D99-91B1-3E9F52A4E11B}
		{CD4A4B5D-4B67-4E64-A13B-3F7BF770B056} = {E6B9FABC-241B-4561-9A94-E67B6BE380E2}
		{4CC2101C-D0AB-4F08-A0FD-205F96958196} = {025AAADF-16AF-4367-9C3D-9E60EDED832F}
	EndGlobalSection
	GlobalSection(ExtensibilityGlobals) = postSolution
		SolutionGuid = {4E90C94F-D693-4411-82F3-2051DE1BE052}
	EndGlobalSection
EndGlobal
