
Microsoft Visual Studio Solution File, Format Version 12.00
# Visual Studio Version 17
VisualStudioVersion = 17.1.31903.286
MinimumVisualStudioVersion = 10.0.40219.1
Project("{9A19103F-16F7-4668-BE54-9A1E7A4F7556}") = "EdgeDB.Net.Driver", "src\EdgeDB.Net.Driver\EdgeDB.Net.Driver.csproj", "{0C1C6233-388F-4FAE-955B-F0A6D33D44C9}"
EndProject
Project("{9A19103F-16F7-4668-BE54-9A1E7A4F7556}") = "EdgeDB.Examples.CSharp", "examples\EdgeDB.Examples.CSharp\EdgeDB.Examples.CSharp.csproj", "{B85156A1-66B3-46F1-B238-19B96C4C7729}"
EndProject
Project("{9A19103F-16F7-4668-BE54-9A1E7A4F7556}") = "EdgeDB.Tests.Unit", "tests\EdgeDB.Tests.Unit\EdgeDB.Tests.Unit.csproj", "{CD4A4B5D-4B67-4E64-A13B-3F7BF770B056}"
EndProject
Project("{9A19103F-16F7-4668-BE54-9A1E7A4F7556}") = "EdgeDB.Net.QueryBuilder", "src\EdgeDB.Net.QueryBuilder\EdgeDB.Net.QueryBuilder.csproj", "{4CC2101C-D0AB-4F08-A0FD-205F96958196}"
EndProject
Project("{2150E333-8FDC-42A3-9474-1A3956D46DE8}") = "Core", "Core", "{025AAADF-16AF-4367-9C3D-9E60EDED832F}"
EndProject
Project("{2150E333-8FDC-42A3-9474-1A3956D46DE8}") = "Tests", "Tests", "{E6B9FABC-241B-4561-9A94-E67B6BE380E2}"
EndProject
Project("{2150E333-8FDC-42A3-9474-1A3956D46DE8}") = "Examples", "Examples", "{6FC214F5-C912-4D99-91B1-3E9F52A4E11B}"
EndProject
Project("{2150E333-8FDC-42A3-9474-1A3956D46DE8}") = "Tools", "Tools", "{67ED9EF0-7828-44C0-8CB0-DEBD69EC94CA}"
EndProject
Project("{9A19103F-16F7-4668-BE54-9A1E7A4F7556}") = "EdgeDB.QueryBuilder.OperatorGenerator", "tools\EdgeDB.QueryBuilder.OperatorGenerator\EdgeDB.QueryBuilder.OperatorGenerator.csproj", "{1557B745-EB4F-449A-9BE7-180C8990AD47}"
EndProject
Project("{9A19103F-16F7-4668-BE54-9A1E7A4F7556}") = "EdgeDB.DotnetTool", "tools\EdgeDB.DotnetTool\EdgeDB.DotnetTool.csproj", "{74DB9D5E-9BA9-4282-90EA-2F7BDC4C4FBD}"
EndProject
Project("{9A19103F-16F7-4668-BE54-9A1E7A4F7556}") = "EdgeDB.Tests.Integration", "tests\EdgeDB.Tests.Integration\EdgeDB.Tests.Integration.csproj", "{C189294A-4990-4A06-B120-A0AF03A798C6}"
EndProject
Project("{9A19103F-16F7-4668-BE54-9A1E7A4F7556}") = "EdgeDB.Tests.Benchmarks", "tests\EdgeDB.Tests.Benchmarks\EdgeDB.Tests.Benchmarks.csproj", "{5FFD1E88-614D-409B-8420-F9571AC7CA60}"
EndProject
Project("{9A19103F-16F7-4668-BE54-9A1E7A4F7556}") = "EdgeDB.BinaryDebugger", "tools\EdgeDB.BinaryDebugger\EdgeDB.BinaryDebugger.csproj", "{3A4AAAA0-9948-43D3-B838-8EFAC130240C}"
EndProject
Project("{2150E333-8FDC-42A3-9474-1A3956D46DE8}") = "Experiments", "Experiments", "{49B6FB80-A675-4ECA-802C-2337A4F37566}"
EndProject
Project("{9A19103F-16F7-4668-BE54-9A1E7A4F7556}") = "EdgeDB.Serializer.Experiments", "experiments\EdgeDB.Serializer.Experiments\EdgeDB.Serializer.Experiments.csproj", "{6FA68DEA-D398-4A5B-8025-5F15C728F04C}"
EndProject
Project("{9A19103F-16F7-4668-BE54-9A1E7A4F7556}") = "EdgeDB.Examples.ExampleTODOApi", "examples\EdgeDB.Examples.ExampleTODOApi\EdgeDB.Examples.ExampleTODOApi.csproj", "{E38429C6-53A5-4311-8189-1F78238666DC}"
EndProject
Project("{6EC3EE1D-3C4E-46DD-8F32-0CC8E7565705}") = "EdgeDB.Example.FSharp", "examples\EdgeDB.Example.FSharp\EdgeDB.Example.FSharp.fsproj", "{F25AA805-163F-46B4-942E-B1A5EBE8383C}"
EndProject
Global
	GlobalSection(SolutionConfigurationPlatforms) = preSolution
		Debug|Any CPU = Debug|Any CPU
		Release|Any CPU = Release|Any CPU
	EndGlobalSection
	GlobalSection(ProjectConfigurationPlatforms) = postSolution
		{0C1C6233-388F-4FAE-955B-F0A6D33D44C9}.Debug|Any CPU.ActiveCfg = Debug|Any CPU
		{0C1C6233-388F-4FAE-955B-F0A6D33D44C9}.Debug|Any CPU.Build.0 = Debug|Any CPU
		{0C1C6233-388F-4FAE-955B-F0A6D33D44C9}.Release|Any CPU.ActiveCfg = Release|Any CPU
		{0C1C6233-388F-4FAE-955B-F0A6D33D44C9}.Release|Any CPU.Build.0 = Release|Any CPU
		{B85156A1-66B3-46F1-B238-19B96C4C7729}.Debug|Any CPU.ActiveCfg = Debug|Any CPU
		{B85156A1-66B3-46F1-B238-19B96C4C7729}.Debug|Any CPU.Build.0 = Debug|Any CPU
		{B85156A1-66B3-46F1-B238-19B96C4C7729}.Release|Any CPU.ActiveCfg = Release|Any CPU
		{B85156A1-66B3-46F1-B238-19B96C4C7729}.Release|Any CPU.Build.0 = Release|Any CPU
		{CD4A4B5D-4B67-4E64-A13B-3F7BF770B056}.Debug|Any CPU.ActiveCfg = Debug|Any CPU
		{CD4A4B5D-4B67-4E64-A13B-3F7BF770B056}.Debug|Any CPU.Build.0 = Debug|Any CPU
		{CD4A4B5D-4B67-4E64-A13B-3F7BF770B056}.Release|Any CPU.ActiveCfg = Release|Any CPU
		{CD4A4B5D-4B67-4E64-A13B-3F7BF770B056}.Release|Any CPU.Build.0 = Release|Any CPU
		{4CC2101C-D0AB-4F08-A0FD-205F96958196}.Debug|Any CPU.ActiveCfg = Debug|Any CPU
		{4CC2101C-D0AB-4F08-A0FD-205F96958196}.Debug|Any CPU.Build.0 = Debug|Any CPU
		{4CC2101C-D0AB-4F08-A0FD-205F96958196}.Release|Any CPU.ActiveCfg = Release|Any CPU
		{4CC2101C-D0AB-4F08-A0FD-205F96958196}.Release|Any CPU.Build.0 = Release|Any CPU
		{1557B745-EB4F-449A-9BE7-180C8990AD47}.Debug|Any CPU.ActiveCfg = Debug|Any CPU
		{1557B745-EB4F-449A-9BE7-180C8990AD47}.Debug|Any CPU.Build.0 = Debug|Any CPU
		{1557B745-EB4F-449A-9BE7-180C8990AD47}.Release|Any CPU.ActiveCfg = Release|Any CPU
		{1557B745-EB4F-449A-9BE7-180C8990AD47}.Release|Any CPU.Build.0 = Release|Any CPU
		{74DB9D5E-9BA9-4282-90EA-2F7BDC4C4FBD}.Debug|Any CPU.ActiveCfg = Debug|Any CPU
		{74DB9D5E-9BA9-4282-90EA-2F7BDC4C4FBD}.Debug|Any CPU.Build.0 = Debug|Any CPU
		{74DB9D5E-9BA9-4282-90EA-2F7BDC4C4FBD}.Release|Any CPU.ActiveCfg = Release|Any CPU
		{74DB9D5E-9BA9-4282-90EA-2F7BDC4C4FBD}.Release|Any CPU.Build.0 = Release|Any CPU
		{C189294A-4990-4A06-B120-A0AF03A798C6}.Debug|Any CPU.ActiveCfg = Debug|Any CPU
		{C189294A-4990-4A06-B120-A0AF03A798C6}.Debug|Any CPU.Build.0 = Debug|Any CPU
		{C189294A-4990-4A06-B120-A0AF03A798C6}.Release|Any CPU.ActiveCfg = Release|Any CPU
		{C189294A-4990-4A06-B120-A0AF03A798C6}.Release|Any CPU.Build.0 = Release|Any CPU
		{5FFD1E88-614D-409B-8420-F9571AC7CA60}.Debug|Any CPU.ActiveCfg = Debug|Any CPU
		{5FFD1E88-614D-409B-8420-F9571AC7CA60}.Debug|Any CPU.Build.0 = Debug|Any CPU
		{5FFD1E88-614D-409B-8420-F9571AC7CA60}.Release|Any CPU.ActiveCfg = Release|Any CPU
		{5FFD1E88-614D-409B-8420-F9571AC7CA60}.Release|Any CPU.Build.0 = Release|Any CPU
		{3A4AAAA0-9948-43D3-B838-8EFAC130240C}.Debug|Any CPU.ActiveCfg = Debug|Any CPU
		{3A4AAAA0-9948-43D3-B838-8EFAC130240C}.Debug|Any CPU.Build.0 = Debug|Any CPU
		{3A4AAAA0-9948-43D3-B838-8EFAC130240C}.Release|Any CPU.ActiveCfg = Release|Any CPU
		{3A4AAAA0-9948-43D3-B838-8EFAC130240C}.Release|Any CPU.Build.0 = Release|Any CPU
		{6FA68DEA-D398-4A5B-8025-5F15C728F04C}.Debug|Any CPU.ActiveCfg = Debug|Any CPU
		{6FA68DEA-D398-4A5B-8025-5F15C728F04C}.Debug|Any CPU.Build.0 = Debug|Any CPU
		{6FA68DEA-D398-4A5B-8025-5F15C728F04C}.Release|Any CPU.ActiveCfg = Release|Any CPU
		{6FA68DEA-D398-4A5B-8025-5F15C728F04C}.Release|Any CPU.Build.0 = Release|Any CPU
		{E38429C6-53A5-4311-8189-1F78238666DC}.Debug|Any CPU.ActiveCfg = Debug|Any CPU
		{E38429C6-53A5-4311-8189-1F78238666DC}.Debug|Any CPU.Build.0 = Debug|Any CPU
		{E38429C6-53A5-4311-8189-1F78238666DC}.Release|Any CPU.ActiveCfg = Release|Any CPU
		{E38429C6-53A5-4311-8189-1F78238666DC}.Release|Any CPU.Build.0 = Release|Any CPU
		{F25AA805-163F-46B4-942E-B1A5EBE8383C}.Debug|Any CPU.ActiveCfg = Debug|Any CPU
		{F25AA805-163F-46B4-942E-B1A5EBE8383C}.Debug|Any CPU.Build.0 = Debug|Any CPU
		{F25AA805-163F-46B4-942E-B1A5EBE8383C}.Release|Any CPU.ActiveCfg = Release|Any CPU
		{F25AA805-163F-46B4-942E-B1A5EBE8383C}.Release|Any CPU.Build.0 = Release|Any CPU
	EndGlobalSection
	GlobalSection(SolutionProperties) = preSolution
		HideSolutionNode = FALSE
	EndGlobalSection
	GlobalSection(NestedProjects) = preSolution
		{0C1C6233-388F-4FAE-955B-F0A6D33D44C9} = {025AAADF-16AF-4367-9C3D-9E60EDED832F}
		{B85156A1-66B3-46F1-B238-19B96C4C7729} = {6FC214F5-C912-4D99-91B1-3E9F52A4E11B}
		{CD4A4B5D-4B67-4E64-A13B-3F7BF770B056} = {E6B9FABC-241B-4561-9A94-E67B6BE380E2}
		{4CC2101C-D0AB-4F08-A0FD-205F96958196} = {025AAADF-16AF-4367-9C3D-9E60EDED832F}
		{1557B745-EB4F-449A-9BE7-180C8990AD47} = {67ED9EF0-7828-44C0-8CB0-DEBD69EC94CA}
		{74DB9D5E-9BA9-4282-90EA-2F7BDC4C4FBD} = {67ED9EF0-7828-44C0-8CB0-DEBD69EC94CA}
		{C189294A-4990-4A06-B120-A0AF03A798C6} = {E6B9FABC-241B-4561-9A94-E67B6BE380E2}
		{5FFD1E88-614D-409B-8420-F9571AC7CA60} = {E6B9FABC-241B-4561-9A94-E67B6BE380E2}
		{3A4AAAA0-9948-43D3-B838-8EFAC130240C} = {67ED9EF0-7828-44C0-8CB0-DEBD69EC94CA}
		{6FA68DEA-D398-4A5B-8025-5F15C728F04C} = {49B6FB80-A675-4ECA-802C-2337A4F37566}
		{E38429C6-53A5-4311-8189-1F78238666DC} = {6FC214F5-C912-4D99-91B1-3E9F52A4E11B}
		{F25AA805-163F-46B4-942E-B1A5EBE8383C} = {6FC214F5-C912-4D99-91B1-3E9F52A4E11B}
	EndGlobalSection
	GlobalSection(ExtensibilityGlobals) = postSolution
		SolutionGuid = {4E90C94F-D693-4411-82F3-2051DE1BE052}
	EndGlobalSection
EndGlobal
